
Microsoft Visual Studio Solution File, Format Version 12.00
# Visual Studio Version 16
VisualStudioVersion = 16.0.31112.23
MinimumVisualStudioVersion = 10.0.40219.1
Project("{FAE04EC0-301F-11D3-BF4B-00C04F79EFBC}") = "ShoppingApp", "ShoppingApp\ShoppingApp.csproj", "{9B276646-C606-4CD0-800B-139E818C2D6F}"
EndProject
Global
	GlobalSection(SolutionConfigurationPlatforms) = preSolution
		Debug|Any CPU = Debug|Any CPU
		Release|Any CPU = Release|Any CPU
	EndGlobalSection
	GlobalSection(ProjectConfigurationPlatforms) = postSolution
		{9B276646-C606-4CD0-800B-139E818C2D6F}.Debug|Any CPU.ActiveCfg = Debug|Any CPU
		{9B276646-C606-4CD0-800B-139E818C2D6F}.Debug|Any CPU.Build.0 = Debug|Any CPU
		{9B276646-C606-4CD0-800B-139E818C2D6F}.Release|Any CPU.ActiveCfg = Release|Any CPU
		{9B276646-C606-4CD0-800B-139E818C2D6F}.Release|Any CPU.Build.0 = Release|Any CPU
	EndGlobalSection
	GlobalSection(SolutionProperties) = preSolution
		HideSolutionNode = FALSE
	EndGlobalSection
	GlobalSection(ExtensibilityGlobals) = postSolution
		SolutionGuid = {5FF878FB-67DA-4673-8048-51F75CECF90F}
	EndGlobalSection
EndGlobal
